
Microsoft Visual Studio Solution File, Format Version 12.00
# Visual Studio 2012
Project("{FAE04EC0-301F-11D3-BF4B-00C04F79EFBC}") = "Pit", "Pit\Pit.csproj", "{D463AFF2-6AB9-446E-B998-985F6C001A7B}"
EndProject
Global
	GlobalSection(SolutionConfigurationPlatforms) = preSolution
		Debug|Any CPU = Debug|Any CPU
		Release|Any CPU = Release|Any CPU
	EndGlobalSection
	GlobalSection(ProjectConfigurationPlatforms) = postSolution
		{D463AFF2-6AB9-446E-B998-985F6C001A7B}.Debug|Any CPU.ActiveCfg = Debug|Any CPU
		{D463AFF2-6AB9-446E-B998-985F6C001A7B}.Debug|Any CPU.Build.0 = Debug|Any CPU
		{D463AFF2-6AB9-446E-B998-985F6C001A7B}.Release|Any CPU.ActiveCfg = Release|Any CPU
		{D463AFF2-6AB9-446E-B998-985F6C001A7B}.Release|Any CPU.Build.0 = Release|Any CPU
	EndGlobalSection
	GlobalSection(SolutionProperties) = preSolution
		HideSolutionNode = FALSE
	EndGlobalSection
EndGlobal
